// !$*UTF8*$!
{
	archiveVersion = 1;
	classes = {
	};
	objectVersion = 48;
	objects = {

/* Begin PBXBuildFile section */
		061BE39120171B0E0057B6FE /* CommonUtils.swift in Sources */ = {isa = PBXBuildFile; fileRef = 061BE39020171B0E0057B6FE /* CommonUtils.swift */; };
		061BE39320171B400057B6FE /* MainPresenter.swift in Sources */ = {isa = PBXBuildFile; fileRef = 061BE39220171B400057B6FE /* MainPresenter.swift */; };
		061BE39620171C760057B6FE /* MainModel.swift in Sources */ = {isa = PBXBuildFile; fileRef = 061BE39520171C760057B6FE /* MainModel.swift */; };
		06665700201723CB00D114AF /* MainView.swift in Sources */ = {isa = PBXBuildFile; fileRef = 066656FF201723CB00D114AF /* MainView.swift */; };
		06665703201724C100D114AF /* BaseView.swift in Sources */ = {isa = PBXBuildFile; fileRef = 06665702201724C100D114AF /* BaseView.swift */; };
		0666570520172A3D00D114AF /* BaseController.swift in Sources */ = {isa = PBXBuildFile; fileRef = 0666570420172A3D00D114AF /* BaseController.swift */; };
		06DBF69C201734DA0037C200 /* ApiServices.swift in Sources */ = {isa = PBXBuildFile; fileRef = 06DBF69B201734DA0037C200 /* ApiServices.swift */; };
		06DBF6AB2019B7E60037C200 /* ApiManager.swift in Sources */ = {isa = PBXBuildFile; fileRef = 06DBF6AA2019B7E60037C200 /* ApiManager.swift */; };
		06E1EF7E1FF3662A00655FA6 /* AppDelegate.swift in Sources */ = {isa = PBXBuildFile; fileRef = 06E1EF7D1FF3662A00655FA6 /* AppDelegate.swift */; };
		06E1EF801FF3662A00655FA6 /* MainController.swift in Sources */ = {isa = PBXBuildFile; fileRef = 06E1EF7F1FF3662A00655FA6 /* MainController.swift */; };
		06E1EF831FF3662A00655FA6 /* Main.storyboard in Resources */ = {isa = PBXBuildFile; fileRef = 06E1EF811FF3662A00655FA6 /* Main.storyboard */; };
		06E1EF851FF3662A00655FA6 /* Assets.xcassets in Resources */ = {isa = PBXBuildFile; fileRef = 06E1EF841FF3662A00655FA6 /* Assets.xcassets */; };
		06E1EF881FF3662A00655FA6 /* LaunchScreen.storyboard in Resources */ = {isa = PBXBuildFile; fileRef = 06E1EF861FF3662A00655FA6 /* LaunchScreen.storyboard */; };
		06E1EF931FF3662A00655FA6 /* whotIOSTests.swift in Sources */ = {isa = PBXBuildFile; fileRef = 06E1EF921FF3662A00655FA6 /* whotIOSTests.swift */; };
		06E1EF9E1FF3662A00655FA6 /* whotIOSUITests.swift in Sources */ = {isa = PBXBuildFile; fileRef = 06E1EF9D1FF3662A00655FA6 /* whotIOSUITests.swift */; };
		A9B22F5BE064C6A1F2D364D2 /* Pods_whotIOSTests.framework in Frameworks */ = {isa = PBXBuildFile; fileRef = 78F5C8CD3A695BCB0010A457 /* Pods_whotIOSTests.framework */; };
		AD9DE28784674EC87C31E3D3 /* Pods_whotIOSUITests.framework in Frameworks */ = {isa = PBXBuildFile; fileRef = B5F53181A24A3F71CA19018D /* Pods_whotIOSUITests.framework */; };
		EBA0AA37A792F99B8CBDAD07 /* Pods_whotIOS.framework in Frameworks */ = {isa = PBXBuildFile; fileRef = B12186ACE6310FCCB873E540 /* Pods_whotIOS.framework */; };
/* End PBXBuildFile section */

/* Begin PBXContainerItemProxy section */
		06E1EF8F1FF3662A00655FA6 /* PBXContainerItemProxy */ = {
			isa = PBXContainerItemProxy;
			containerPortal = 06E1EF721FF3662A00655FA6 /* Project object */;
			proxyType = 1;
			remoteGlobalIDString = 06E1EF791FF3662A00655FA6;
			remoteInfo = whotIOS;
		};
		06E1EF9A1FF3662A00655FA6 /* PBXContainerItemProxy */ = {
			isa = PBXContainerItemProxy;
			containerPortal = 06E1EF721FF3662A00655FA6 /* Project object */;
			proxyType = 1;
			remoteGlobalIDString = 06E1EF791FF3662A00655FA6;
			remoteInfo = whotIOS;
		};
/* End PBXContainerItemProxy section */

/* Begin PBXFileReference section */
		061BE39020171B0E0057B6FE /* CommonUtils.swift */ = {isa = PBXFileReference; lastKnownFileType = sourcecode.swift; path = CommonUtils.swift; sourceTree = "<group>"; };
		061BE39220171B400057B6FE /* MainPresenter.swift */ = {isa = PBXFileReference; lastKnownFileType = sourcecode.swift; path = MainPresenter.swift; sourceTree = "<group>"; };
		061BE39520171C760057B6FE /* MainModel.swift */ = {isa = PBXFileReference; lastKnownFileType = sourcecode.swift; path = MainModel.swift; sourceTree = "<group>"; };
		066656FF201723CB00D114AF /* MainView.swift */ = {isa = PBXFileReference; lastKnownFileType = sourcecode.swift; path = MainView.swift; sourceTree = "<group>"; };
		06665702201724C100D114AF /* BaseView.swift */ = {isa = PBXFileReference; lastKnownFileType = sourcecode.swift; path = BaseView.swift; sourceTree = "<group>"; };
		0666570420172A3D00D114AF /* BaseController.swift */ = {isa = PBXFileReference; lastKnownFileType = sourcecode.swift; path = BaseController.swift; sourceTree = "<group>"; };
		06DBF69B201734DA0037C200 /* ApiServices.swift */ = {isa = PBXFileReference; lastKnownFileType = sourcecode.swift; path = ApiServices.swift; sourceTree = "<group>"; };
		06DBF6AA2019B7E60037C200 /* ApiManager.swift */ = {isa = PBXFileReference; lastKnownFileType = sourcecode.swift; path = ApiManager.swift; sourceTree = "<group>"; };
		06E1EF7A1FF3662A00655FA6 /* whotIOS.app */ = {isa = PBXFileReference; explicitFileType = wrapper.application; includeInIndex = 0; path = whotIOS.app; sourceTree = BUILT_PRODUCTS_DIR; };
		06E1EF7D1FF3662A00655FA6 /* AppDelegate.swift */ = {isa = PBXFileReference; lastKnownFileType = sourcecode.swift; path = AppDelegate.swift; sourceTree = "<group>"; };
		06E1EF7F1FF3662A00655FA6 /* MainController.swift */ = {isa = PBXFileReference; lastKnownFileType = sourcecode.swift; path = MainController.swift; sourceTree = "<group>"; };
		06E1EF821FF3662A00655FA6 /* Base */ = {isa = PBXFileReference; lastKnownFileType = file.storyboard; name = Base; path = Base.lproj/Main.storyboard; sourceTree = "<group>"; };
		06E1EF841FF3662A00655FA6 /* Assets.xcassets */ = {isa = PBXFileReference; lastKnownFileType = folder.assetcatalog; path = Assets.xcassets; sourceTree = "<group>"; };
		06E1EF871FF3662A00655FA6 /* Base */ = {isa = PBXFileReference; lastKnownFileType = file.storyboard; name = Base; path = Base.lproj/LaunchScreen.storyboard; sourceTree = "<group>"; };
		06E1EF891FF3662A00655FA6 /* Info.plist */ = {isa = PBXFileReference; lastKnownFileType = text.plist.xml; path = Info.plist; sourceTree = "<group>"; };
		06E1EF8E1FF3662A00655FA6 /* whotIOSTests.xctest */ = {isa = PBXFileReference; explicitFileType = wrapper.cfbundle; includeInIndex = 0; path = whotIOSTests.xctest; sourceTree = BUILT_PRODUCTS_DIR; };
		06E1EF921FF3662A00655FA6 /* whotIOSTests.swift */ = {isa = PBXFileReference; lastKnownFileType = sourcecode.swift; path = whotIOSTests.swift; sourceTree = "<group>"; };
		06E1EF941FF3662A00655FA6 /* Info.plist */ = {isa = PBXFileReference; lastKnownFileType = text.plist.xml; path = Info.plist; sourceTree = "<group>"; };
		06E1EF991FF3662A00655FA6 /* whotIOSUITests.xctest */ = {isa = PBXFileReference; explicitFileType = wrapper.cfbundle; includeInIndex = 0; path = whotIOSUITests.xctest; sourceTree = BUILT_PRODUCTS_DIR; };
		06E1EF9D1FF3662A00655FA6 /* whotIOSUITests.swift */ = {isa = PBXFileReference; lastKnownFileType = sourcecode.swift; path = whotIOSUITests.swift; sourceTree = "<group>"; };
		06E1EF9F1FF3662A00655FA6 /* Info.plist */ = {isa = PBXFileReference; lastKnownFileType = text.plist.xml; path = Info.plist; sourceTree = "<group>"; };
		197CCDCFBA4C4F3F0EBB76CF /* Pods-whotIOS.release.xcconfig */ = {isa = PBXFileReference; includeInIndex = 1; lastKnownFileType = text.xcconfig; name = "Pods-whotIOS.release.xcconfig"; path = "Pods/Target Support Files/Pods-whotIOS/Pods-whotIOS.release.xcconfig"; sourceTree = "<group>"; };
		6E075000F6D972AD698D32C5 /* Pods-whotIOSUITests.release.xcconfig */ = {isa = PBXFileReference; includeInIndex = 1; lastKnownFileType = text.xcconfig; name = "Pods-whotIOSUITests.release.xcconfig"; path = "Pods/Target Support Files/Pods-whotIOSUITests/Pods-whotIOSUITests.release.xcconfig"; sourceTree = "<group>"; };
		78F5C8CD3A695BCB0010A457 /* Pods_whotIOSTests.framework */ = {isa = PBXFileReference; explicitFileType = wrapper.framework; includeInIndex = 0; path = Pods_whotIOSTests.framework; sourceTree = BUILT_PRODUCTS_DIR; };
		7ED6921AB71EEEAB5AFDB214 /* Pods-whotIOSUITests.debug.xcconfig */ = {isa = PBXFileReference; includeInIndex = 1; lastKnownFileType = text.xcconfig; name = "Pods-whotIOSUITests.debug.xcconfig"; path = "Pods/Target Support Files/Pods-whotIOSUITests/Pods-whotIOSUITests.debug.xcconfig"; sourceTree = "<group>"; };
		B12186ACE6310FCCB873E540 /* Pods_whotIOS.framework */ = {isa = PBXFileReference; explicitFileType = wrapper.framework; includeInIndex = 0; path = Pods_whotIOS.framework; sourceTree = BUILT_PRODUCTS_DIR; };
		B5F53181A24A3F71CA19018D /* Pods_whotIOSUITests.framework */ = {isa = PBXFileReference; explicitFileType = wrapper.framework; includeInIndex = 0; path = Pods_whotIOSUITests.framework; sourceTree = BUILT_PRODUCTS_DIR; };
		B626B04AB9D68541A906711A /* Pods-whotIOS.debug.xcconfig */ = {isa = PBXFileReference; includeInIndex = 1; lastKnownFileType = text.xcconfig; name = "Pods-whotIOS.debug.xcconfig"; path = "Pods/Target Support Files/Pods-whotIOS/Pods-whotIOS.debug.xcconfig"; sourceTree = "<group>"; };
		C3BBDB85434546261592A369 /* Pods-whotIOSTests.debug.xcconfig */ = {isa = PBXFileReference; includeInIndex = 1; lastKnownFileType = text.xcconfig; name = "Pods-whotIOSTests.debug.xcconfig"; path = "Pods/Target Support Files/Pods-whotIOSTests/Pods-whotIOSTests.debug.xcconfig"; sourceTree = "<group>"; };
		F384DB54580FE7C638A28A27 /* Pods-whotIOSTests.release.xcconfig */ = {isa = PBXFileReference; includeInIndex = 1; lastKnownFileType = text.xcconfig; name = "Pods-whotIOSTests.release.xcconfig"; path = "Pods/Target Support Files/Pods-whotIOSTests/Pods-whotIOSTests.release.xcconfig"; sourceTree = "<group>"; };
/* End PBXFileReference section */

/* Begin PBXFrameworksBuildPhase section */
		06E1EF771FF3662A00655FA6 /* Frameworks */ = {
			isa = PBXFrameworksBuildPhase;
			buildActionMask = 2147483647;
			files = (
				EBA0AA37A792F99B8CBDAD07 /* Pods_whotIOS.framework in Frameworks */,
			);
			runOnlyForDeploymentPostprocessing = 0;
		};
		06E1EF8B1FF3662A00655FA6 /* Frameworks */ = {
			isa = PBXFrameworksBuildPhase;
			buildActionMask = 2147483647;
			files = (
				A9B22F5BE064C6A1F2D364D2 /* Pods_whotIOSTests.framework in Frameworks */,
			);
			runOnlyForDeploymentPostprocessing = 0;
		};
		06E1EF961FF3662A00655FA6 /* Frameworks */ = {
			isa = PBXFrameworksBuildPhase;
			buildActionMask = 2147483647;
			files = (
				AD9DE28784674EC87C31E3D3 /* Pods_whotIOSUITests.framework in Frameworks */,
			);
			runOnlyForDeploymentPostprocessing = 0;
		};
/* End PBXFrameworksBuildPhase section */

/* Begin PBXGroup section */
		061BE38F20171AF70057B6FE /* util */ = {
			isa = PBXGroup;
			children = (
				061BE39020171B0E0057B6FE /* CommonUtils.swift */,
			);
			path = util;
			sourceTree = "<group>";
		};
		061BE39420171C680057B6FE /* data */ = {
			isa = PBXGroup;
			children = (
				061BE39520171C760057B6FE /* MainModel.swift */,
			);
			path = data;
			sourceTree = "<group>";
		};
		06665701201724B000D114AF /* base */ = {
			isa = PBXGroup;
			children = (
				06665702201724C100D114AF /* BaseView.swift */,
				0666570420172A3D00D114AF /* BaseController.swift */,
			);
			path = base;
			sourceTree = "<group>";
		};
		0666570620172ECF00D114AF /* api */ = {
			isa = PBXGroup;
			children = (
				06DBF69B201734DA0037C200 /* ApiServices.swift */,
				06DBF6AA2019B7E60037C200 /* ApiManager.swift */,
			);
			path = api;
			sourceTree = "<group>";
		};
		06E1EF711FF3662A00655FA6 = {
			isa = PBXGroup;
			children = (
				06E1EF7C1FF3662A00655FA6 /* whotIOS */,
				06E1EF911FF3662A00655FA6 /* whotIOSTests */,
				06E1EF9C1FF3662A00655FA6 /* whotIOSUITests */,
				06E1EF7B1FF3662A00655FA6 /* Products */,
				DB998BD106DDA8F03F68E97E /* Pods */,
				DCA5F5855C1D25ACCBAA0BBB /* Frameworks */,
			);
			sourceTree = "<group>";
		};
		06E1EF7B1FF3662A00655FA6 /* Products */ = {
			isa = PBXGroup;
			children = (
				06E1EF7A1FF3662A00655FA6 /* whotIOS.app */,
				06E1EF8E1FF3662A00655FA6 /* whotIOSTests.xctest */,
				06E1EF991FF3662A00655FA6 /* whotIOSUITests.xctest */,
			);
			name = Products;
			sourceTree = "<group>";
		};
		06E1EF7C1FF3662A00655FA6 /* whotIOS */ = {
			isa = PBXGroup;
			children = (
				0666570620172ECF00D114AF /* api */,
				06665701201724B000D114AF /* base */,
				061BE39420171C680057B6FE /* data */,
				061BE38F20171AF70057B6FE /* util */,
				06E1EFAB1FF3663000655FA6 /* ui */,
				06E1EF7D1FF3662A00655FA6 /* AppDelegate.swift */,
				06E1EF841FF3662A00655FA6 /* Assets.xcassets */,
				06E1EF861FF3662A00655FA6 /* LaunchScreen.storyboard */,
				06E1EF891FF3662A00655FA6 /* Info.plist */,
			);
			path = whotIOS;
			sourceTree = "<group>";
		};
		06E1EF911FF3662A00655FA6 /* whotIOSTests */ = {
			isa = PBXGroup;
			children = (
				06E1EF921FF3662A00655FA6 /* whotIOSTests.swift */,
				06E1EF941FF3662A00655FA6 /* Info.plist */,
			);
			path = whotIOSTests;
			sourceTree = "<group>";
		};
		06E1EF9C1FF3662A00655FA6 /* whotIOSUITests */ = {
			isa = PBXGroup;
			children = (
				06E1EF9D1FF3662A00655FA6 /* whotIOSUITests.swift */,
				06E1EF9F1FF3662A00655FA6 /* Info.plist */,
			);
			path = whotIOSUITests;
			sourceTree = "<group>";
		};
		06E1EFAB1FF3663000655FA6 /* ui */ = {
			isa = PBXGroup;
			children = (
				06E1EFAC1FF3663800655FA6 /* main */,
			);
			path = ui;
			sourceTree = "<group>";
		};
		06E1EFAC1FF3663800655FA6 /* main */ = {
			isa = PBXGroup;
			children = (
				06E1EF7F1FF3662A00655FA6 /* MainController.swift */,
				06E1EF811FF3662A00655FA6 /* Main.storyboard */,
				061BE39220171B400057B6FE /* MainPresenter.swift */,
				066656FF201723CB00D114AF /* MainView.swift */,
			);
			path = main;
			sourceTree = "<group>";
		};
		DB998BD106DDA8F03F68E97E /* Pods */ = {
			isa = PBXGroup;
			children = (
				B626B04AB9D68541A906711A /* Pods-whotIOS.debug.xcconfig */,
				197CCDCFBA4C4F3F0EBB76CF /* Pods-whotIOS.release.xcconfig */,
				C3BBDB85434546261592A369 /* Pods-whotIOSTests.debug.xcconfig */,
				F384DB54580FE7C638A28A27 /* Pods-whotIOSTests.release.xcconfig */,
				7ED6921AB71EEEAB5AFDB214 /* Pods-whotIOSUITests.debug.xcconfig */,
				6E075000F6D972AD698D32C5 /* Pods-whotIOSUITests.release.xcconfig */,
			);
			name = Pods;
			sourceTree = "<group>";
		};
		DCA5F5855C1D25ACCBAA0BBB /* Frameworks */ = {
			isa = PBXGroup;
			children = (
				B12186ACE6310FCCB873E540 /* Pods_whotIOS.framework */,
				78F5C8CD3A695BCB0010A457 /* Pods_whotIOSTests.framework */,
				B5F53181A24A3F71CA19018D /* Pods_whotIOSUITests.framework */,
			);
			name = Frameworks;
			sourceTree = "<group>";
		};
/* End PBXGroup section */

/* Begin PBXNativeTarget section */
		06E1EF791FF3662A00655FA6 /* whotIOS */ = {
			isa = PBXNativeTarget;
			buildConfigurationList = 06E1EFA21FF3662A00655FA6 /* Build configuration list for PBXNativeTarget "whotIOS" */;
			buildPhases = (
				D8B2824C6EB11B12F1094361 /* [CP] Check Pods Manifest.lock */,
				06E1EF761FF3662A00655FA6 /* Sources */,
				06E1EF771FF3662A00655FA6 /* Frameworks */,
				06E1EF781FF3662A00655FA6 /* Resources */,
				785726E7E6FC085C6ED58DE0 /* [CP] Embed Pods Frameworks */,
				3932A61FBF43A94C308BBA48 /* [CP] Copy Pods Resources */,
			);
			buildRules = (
			);
			dependencies = (
			);
			name = whotIOS;
			productName = whotIOS;
			productReference = 06E1EF7A1FF3662A00655FA6 /* whotIOS.app */;
			productType = "com.apple.product-type.application";
		};
		06E1EF8D1FF3662A00655FA6 /* whotIOSTests */ = {
			isa = PBXNativeTarget;
			buildConfigurationList = 06E1EFA51FF3662A00655FA6 /* Build configuration list for PBXNativeTarget "whotIOSTests" */;
			buildPhases = (
				90225D2D38629B4709632242 /* [CP] Check Pods Manifest.lock */,
				06E1EF8A1FF3662A00655FA6 /* Sources */,
				06E1EF8B1FF3662A00655FA6 /* Frameworks */,
				06E1EF8C1FF3662A00655FA6 /* Resources */,
				99800BC1EA829DED2B9904BD /* [CP] Embed Pods Frameworks */,
				7A461ADED0F35B506A989950 /* [CP] Copy Pods Resources */,
			);
			buildRules = (
			);
			dependencies = (
				06E1EF901FF3662A00655FA6 /* PBXTargetDependency */,
			);
			name = whotIOSTests;
			productName = whotIOSTests;
			productReference = 06E1EF8E1FF3662A00655FA6 /* whotIOSTests.xctest */;
			productType = "com.apple.product-type.bundle.unit-test";
		};
		06E1EF981FF3662A00655FA6 /* whotIOSUITests */ = {
			isa = PBXNativeTarget;
			buildConfigurationList = 06E1EFA81FF3662A00655FA6 /* Build configuration list for PBXNativeTarget "whotIOSUITests" */;
			buildPhases = (
				C0F28B12671B90734C7B7D7D /* [CP] Check Pods Manifest.lock */,
				06E1EF951FF3662A00655FA6 /* Sources */,
				06E1EF961FF3662A00655FA6 /* Frameworks */,
				06E1EF971FF3662A00655FA6 /* Resources */,
				10B0AD164984A1C5999C80DC /* [CP] Embed Pods Frameworks */,
				F3665AC84609395CC6413862 /* [CP] Copy Pods Resources */,
			);
			buildRules = (
			);
			dependencies = (
				06E1EF9B1FF3662A00655FA6 /* PBXTargetDependency */,
			);
			name = whotIOSUITests;
			productName = whotIOSUITests;
			productReference = 06E1EF991FF3662A00655FA6 /* whotIOSUITests.xctest */;
			productType = "com.apple.product-type.bundle.ui-testing";
		};
/* End PBXNativeTarget section */

/* Begin PBXProject section */
		06E1EF721FF3662A00655FA6 /* Project object */ = {
			isa = PBXProject;
			attributes = {
				LastSwiftUpdateCheck = 0920;
				LastUpgradeCheck = 0920;
				ORGANIZATIONNAME = "Whot inc.";
				TargetAttributes = {
					06E1EF791FF3662A00655FA6 = {
						CreatedOnToolsVersion = 9.2;
						ProvisioningStyle = Automatic;
					};
					06E1EF8D1FF3662A00655FA6 = {
						CreatedOnToolsVersion = 9.2;
						ProvisioningStyle = Automatic;
						TestTargetID = 06E1EF791FF3662A00655FA6;
					};
					06E1EF981FF3662A00655FA6 = {
						CreatedOnToolsVersion = 9.2;
						ProvisioningStyle = Automatic;
						TestTargetID = 06E1EF791FF3662A00655FA6;
					};
				};
			};
			buildConfigurationList = 06E1EF751FF3662A00655FA6 /* Build configuration list for PBXProject "whotIOS" */;
			compatibilityVersion = "Xcode 8.0";
			developmentRegion = en;
			hasScannedForEncodings = 0;
			knownRegions = (
				en,
				Base,
			);
			mainGroup = 06E1EF711FF3662A00655FA6;
			productRefGroup = 06E1EF7B1FF3662A00655FA6 /* Products */;
			projectDirPath = "";
			projectRoot = "";
			targets = (
				06E1EF791FF3662A00655FA6 /* whotIOS */,
				06E1EF8D1FF3662A00655FA6 /* whotIOSTests */,
				06E1EF981FF3662A00655FA6 /* whotIOSUITests */,
			);
		};
/* End PBXProject section */

/* Begin PBXResourcesBuildPhase section */
		06E1EF781FF3662A00655FA6 /* Resources */ = {
			isa = PBXResourcesBuildPhase;
			buildActionMask = 2147483647;
			files = (
				06E1EF881FF3662A00655FA6 /* LaunchScreen.storyboard in Resources */,
				06E1EF851FF3662A00655FA6 /* Assets.xcassets in Resources */,
				06E1EF831FF3662A00655FA6 /* Main.storyboard in Resources */,
			);
			runOnlyForDeploymentPostprocessing = 0;
		};
		06E1EF8C1FF3662A00655FA6 /* Resources */ = {
			isa = PBXResourcesBuildPhase;
			buildActionMask = 2147483647;
			files = (
			);
			runOnlyForDeploymentPostprocessing = 0;
		};
		06E1EF971FF3662A00655FA6 /* Resources */ = {
			isa = PBXResourcesBuildPhase;
			buildActionMask = 2147483647;
			files = (
			);
			runOnlyForDeploymentPostprocessing = 0;
		};
/* End PBXResourcesBuildPhase section */

/* Begin PBXShellScriptBuildPhase section */
		10B0AD164984A1C5999C80DC /* [CP] Embed Pods Frameworks */ = {
			isa = PBXShellScriptBuildPhase;
			buildActionMask = 2147483647;
			files = (
			);
			inputPaths = (
			);
			name = "[CP] Embed Pods Frameworks";
			outputPaths = (
			);
			runOnlyForDeploymentPostprocessing = 0;
			shellPath = /bin/sh;
			shellScript = "\"${SRCROOT}/Pods/Target Support Files/Pods-whotIOSUITests/Pods-whotIOSUITests-frameworks.sh\"\n";
			showEnvVarsInLog = 0;
		};
		3932A61FBF43A94C308BBA48 /* [CP] Copy Pods Resources */ = {
			isa = PBXShellScriptBuildPhase;
			buildActionMask = 2147483647;
			files = (
			);
			inputPaths = (
			);
			name = "[CP] Copy Pods Resources";
			outputPaths = (
			);
			runOnlyForDeploymentPostprocessing = 0;
			shellPath = /bin/sh;
			shellScript = "\"${SRCROOT}/Pods/Target Support Files/Pods-whotIOS/Pods-whotIOS-resources.sh\"\n";
			showEnvVarsInLog = 0;
		};
		785726E7E6FC085C6ED58DE0 /* [CP] Embed Pods Frameworks */ = {
			isa = PBXShellScriptBuildPhase;
			buildActionMask = 2147483647;
			files = (
			);
			inputPaths = (
				"${SRCROOT}/Pods/Target Support Files/Pods-whotIOS/Pods-whotIOS-frameworks.sh",
				"${BUILT_PRODUCTS_DIR}/Alamofire/Alamofire.framework",
				"${BUILT_PRODUCTS_DIR}/Moya/Moya.framework",
				"${BUILT_PRODUCTS_DIR}/ObjectMapper/ObjectMapper.framework",
				"${BUILT_PRODUCTS_DIR}/Result/Result.framework",
				"${BUILT_PRODUCTS_DIR}/RxCocoa/RxCocoa.framework",
				"${BUILT_PRODUCTS_DIR}/RxSwift/RxSwift.framework",
				"${BUILT_PRODUCTS_DIR}/SwiftyJSON/SwiftyJSON.framework",
				"${BUILT_PRODUCTS_DIR}/Toast-Swift/Toast_Swift.framework",
			);
			name = "[CP] Embed Pods Frameworks";
			outputPaths = (
				"${TARGET_BUILD_DIR}/${FRAMEWORKS_FOLDER_PATH}/Alamofire.framework",
				"${TARGET_BUILD_DIR}/${FRAMEWORKS_FOLDER_PATH}/Moya.framework",
				"${TARGET_BUILD_DIR}/${FRAMEWORKS_FOLDER_PATH}/ObjectMapper.framework",
				"${TARGET_BUILD_DIR}/${FRAMEWORKS_FOLDER_PATH}/Result.framework",
				"${TARGET_BUILD_DIR}/${FRAMEWORKS_FOLDER_PATH}/RxCocoa.framework",
				"${TARGET_BUILD_DIR}/${FRAMEWORKS_FOLDER_PATH}/RxSwift.framework",
				"${TARGET_BUILD_DIR}/${FRAMEWORKS_FOLDER_PATH}/SwiftyJSON.framework",
				"${TARGET_BUILD_DIR}/${FRAMEWORKS_FOLDER_PATH}/Toast_Swift.framework",
			);
			runOnlyForDeploymentPostprocessing = 0;
			shellPath = /bin/sh;
			shellScript = "\"${SRCROOT}/Pods/Target Support Files/Pods-whotIOS/Pods-whotIOS-frameworks.sh\"\n";
			showEnvVarsInLog = 0;
		};
		7A461ADED0F35B506A989950 /* [CP] Copy Pods Resources */ = {
			isa = PBXShellScriptBuildPhase;
			buildActionMask = 2147483647;
			files = (
			);
			inputPaths = (
			);
			name = "[CP] Copy Pods Resources";
			outputPaths = (
			);
			runOnlyForDeploymentPostprocessing = 0;
			shellPath = /bin/sh;
			shellScript = "\"${SRCROOT}/Pods/Target Support Files/Pods-whotIOSTests/Pods-whotIOSTests-resources.sh\"\n";
			showEnvVarsInLog = 0;
		};
		90225D2D38629B4709632242 /* [CP] Check Pods Manifest.lock */ = {
			isa = PBXShellScriptBuildPhase;
			buildActionMask = 2147483647;
			files = (
			);
			inputPaths = (
				"${PODS_PODFILE_DIR_PATH}/Podfile.lock",
				"${PODS_ROOT}/Manifest.lock",
			);
			name = "[CP] Check Pods Manifest.lock";
			outputPaths = (
				"$(DERIVED_FILE_DIR)/Pods-whotIOSTests-checkManifestLockResult.txt",
			);
			runOnlyForDeploymentPostprocessing = 0;
			shellPath = /bin/sh;
			shellScript = "diff \"${PODS_PODFILE_DIR_PATH}/Podfile.lock\" \"${PODS_ROOT}/Manifest.lock\" > /dev/null\nif [ $? != 0 ] ; then\n    # print error to STDERR\n    echo \"error: The sandbox is not in sync with the Podfile.lock. Run 'pod install' or update your CocoaPods installation.\" >&2\n    exit 1\nfi\n# This output is used by Xcode 'outputs' to avoid re-running this script phase.\necho \"SUCCESS\" > \"${SCRIPT_OUTPUT_FILE_0}\"\n";
			showEnvVarsInLog = 0;
		};
		99800BC1EA829DED2B9904BD /* [CP] Embed Pods Frameworks */ = {
			isa = PBXShellScriptBuildPhase;
			buildActionMask = 2147483647;
			files = (
			);
			inputPaths = (
				"${SRCROOT}/Pods/Target Support Files/Pods-whotIOSTests/Pods-whotIOSTests-frameworks.sh",
				"${BUILT_PRODUCTS_DIR}/RxSwift/RxSwift.framework",
				"${BUILT_PRODUCTS_DIR}/RxBlocking/RxBlocking.framework",
				"${BUILT_PRODUCTS_DIR}/RxTest/RxTest.framework",
			);
			name = "[CP] Embed Pods Frameworks";
			outputPaths = (
				"${TARGET_BUILD_DIR}/${FRAMEWORKS_FOLDER_PATH}/RxSwift.framework",
				"${TARGET_BUILD_DIR}/${FRAMEWORKS_FOLDER_PATH}/RxBlocking.framework",
				"${TARGET_BUILD_DIR}/${FRAMEWORKS_FOLDER_PATH}/RxTest.framework",
			);
			runOnlyForDeploymentPostprocessing = 0;
			shellPath = /bin/sh;
			shellScript = "\"${SRCROOT}/Pods/Target Support Files/Pods-whotIOSTests/Pods-whotIOSTests-frameworks.sh\"\n";
			showEnvVarsInLog = 0;
		};
		C0F28B12671B90734C7B7D7D /* [CP] Check Pods Manifest.lock */ = {
			isa = PBXShellScriptBuildPhase;
			buildActionMask = 2147483647;
			files = (
			);
			inputPaths = (
				"${PODS_PODFILE_DIR_PATH}/Podfile.lock",
				"${PODS_ROOT}/Manifest.lock",
			);
			name = "[CP] Check Pods Manifest.lock";
			outputPaths = (
				"$(DERIVED_FILE_DIR)/Pods-whotIOSUITests-checkManifestLockResult.txt",
			);
			runOnlyForDeploymentPostprocessing = 0;
			shellPath = /bin/sh;
			shellScript = "diff \"${PODS_PODFILE_DIR_PATH}/Podfile.lock\" \"${PODS_ROOT}/Manifest.lock\" > /dev/null\nif [ $? != 0 ] ; then\n    # print error to STDERR\n    echo \"error: The sandbox is not in sync with the Podfile.lock. Run 'pod install' or update your CocoaPods installation.\" >&2\n    exit 1\nfi\n# This output is used by Xcode 'outputs' to avoid re-running this script phase.\necho \"SUCCESS\" > \"${SCRIPT_OUTPUT_FILE_0}\"\n";
			showEnvVarsInLog = 0;
		};
		D8B2824C6EB11B12F1094361 /* [CP] Check Pods Manifest.lock */ = {
			isa = PBXShellScriptBuildPhase;
			buildActionMask = 2147483647;
			files = (
			);
			inputPaths = (
				"${PODS_PODFILE_DIR_PATH}/Podfile.lock",
				"${PODS_ROOT}/Manifest.lock",
			);
			name = "[CP] Check Pods Manifest.lock";
			outputPaths = (
				"$(DERIVED_FILE_DIR)/Pods-whotIOS-checkManifestLockResult.txt",
			);
			runOnlyForDeploymentPostprocessing = 0;
			shellPath = /bin/sh;
			shellScript = "diff \"${PODS_PODFILE_DIR_PATH}/Podfile.lock\" \"${PODS_ROOT}/Manifest.lock\" > /dev/null\nif [ $? != 0 ] ; then\n    # print error to STDERR\n    echo \"error: The sandbox is not in sync with the Podfile.lock. Run 'pod install' or update your CocoaPods installation.\" >&2\n    exit 1\nfi\n# This output is used by Xcode 'outputs' to avoid re-running this script phase.\necho \"SUCCESS\" > \"${SCRIPT_OUTPUT_FILE_0}\"\n";
			showEnvVarsInLog = 0;
		};
		F3665AC84609395CC6413862 /* [CP] Copy Pods Resources */ = {
			isa = PBXShellScriptBuildPhase;
			buildActionMask = 2147483647;
			files = (
			);
			inputPaths = (
			);
			name = "[CP] Copy Pods Resources";
			outputPaths = (
			);
			runOnlyForDeploymentPostprocessing = 0;
			shellPath = /bin/sh;
			shellScript = "\"${SRCROOT}/Pods/Target Support Files/Pods-whotIOSUITests/Pods-whotIOSUITests-resources.sh\"\n";
			showEnvVarsInLog = 0;
		};
/* End PBXShellScriptBuildPhase section */

/* Begin PBXSourcesBuildPhase section */
		06E1EF761FF3662A00655FA6 /* Sources */ = {
			isa = PBXSourcesBuildPhase;
			buildActionMask = 2147483647;
			files = (
				06E1EF801FF3662A00655FA6 /* MainController.swift in Sources */,
				06665700201723CB00D114AF /* MainView.swift in Sources */,
				061BE39120171B0E0057B6FE /* CommonUtils.swift in Sources */,
				06E1EF7E1FF3662A00655FA6 /* AppDelegate.swift in Sources */,
				06665703201724C100D114AF /* BaseView.swift in Sources */,
				06DBF6AB2019B7E60037C200 /* ApiManager.swift in Sources */,
				061BE39620171C760057B6FE /* MainModel.swift in Sources */,
				06DBF69C201734DA0037C200 /* ApiServices.swift in Sources */,
				0666570520172A3D00D114AF /* BaseController.swift in Sources */,
				061BE39320171B400057B6FE /* MainPresenter.swift in Sources */,
			);
			runOnlyForDeploymentPostprocessing = 0;
		};
		06E1EF8A1FF3662A00655FA6 /* Sources */ = {
			isa = PBXSourcesBuildPhase;
			buildActionMask = 2147483647;
			files = (
				06E1EF931FF3662A00655FA6 /* whotIOSTests.swift in Sources */,
			);
			runOnlyForDeploymentPostprocessing = 0;
		};
		06E1EF951FF3662A00655FA6 /* Sources */ = {
			isa = PBXSourcesBuildPhase;
			buildActionMask = 2147483647;
			files = (
				06E1EF9E1FF3662A00655FA6 /* whotIOSUITests.swift in Sources */,
			);
			runOnlyForDeploymentPostprocessing = 0;
		};
/* End PBXSourcesBuildPhase section */

/* Begin PBXTargetDependency section */
		06E1EF901FF3662A00655FA6 /* PBXTargetDependency */ = {
			isa = PBXTargetDependency;
			target = 06E1EF791FF3662A00655FA6 /* whotIOS */;
			targetProxy = 06E1EF8F1FF3662A00655FA6 /* PBXContainerItemProxy */;
		};
		06E1EF9B1FF3662A00655FA6 /* PBXTargetDependency */ = {
			isa = PBXTargetDependency;
			target = 06E1EF791FF3662A00655FA6 /* whotIOS */;
			targetProxy = 06E1EF9A1FF3662A00655FA6 /* PBXContainerItemProxy */;
		};
/* End PBXTargetDependency section */

/* Begin PBXVariantGroup section */
		06E1EF811FF3662A00655FA6 /* Main.storyboard */ = {
			isa = PBXVariantGroup;
			children = (
				06E1EF821FF3662A00655FA6 /* Base */,
			);
			name = Main.storyboard;
			sourceTree = "<group>";
		};
		06E1EF861FF3662A00655FA6 /* LaunchScreen.storyboard */ = {
			isa = PBXVariantGroup;
			children = (
				06E1EF871FF3662A00655FA6 /* Base */,
			);
			name = LaunchScreen.storyboard;
			sourceTree = "<group>";
		};
/* End PBXVariantGroup section */

/* Begin XCBuildConfiguration section */
		06E1EFA01FF3662A00655FA6 /* Debug */ = {
			isa = XCBuildConfiguration;
			buildSettings = {
				ALWAYS_SEARCH_USER_PATHS = NO;
				CLANG_ANALYZER_NONNULL = YES;
				CLANG_ANALYZER_NUMBER_OBJECT_CONVERSION = YES_AGGRESSIVE;
				CLANG_CXX_LANGUAGE_STANDARD = "gnu++14";
				CLANG_CXX_LIBRARY = "libc++";
				CLANG_ENABLE_MODULES = YES;
				CLANG_ENABLE_OBJC_ARC = YES;
				CLANG_WARN_BLOCK_CAPTURE_AUTORELEASING = YES;
				CLANG_WARN_BOOL_CONVERSION = YES;
				CLANG_WARN_COMMA = YES;
				CLANG_WARN_CONSTANT_CONVERSION = YES;
				CLANG_WARN_DIRECT_OBJC_ISA_USAGE = YES_ERROR;
				CLANG_WARN_DOCUMENTATION_COMMENTS = YES;
				CLANG_WARN_EMPTY_BODY = YES;
				CLANG_WARN_ENUM_CONVERSION = YES;
				CLANG_WARN_INFINITE_RECURSION = YES;
				CLANG_WARN_INT_CONVERSION = YES;
				CLANG_WARN_NON_LITERAL_NULL_CONVERSION = YES;
				CLANG_WARN_OBJC_LITERAL_CONVERSION = YES;
				CLANG_WARN_OBJC_ROOT_CLASS = YES_ERROR;
				CLANG_WARN_RANGE_LOOP_ANALYSIS = YES;
				CLANG_WARN_STRICT_PROTOTYPES = YES;
				CLANG_WARN_SUSPICIOUS_MOVE = YES;
				CLANG_WARN_UNGUARDED_AVAILABILITY = YES_AGGRESSIVE;
				CLANG_WARN_UNREACHABLE_CODE = YES;
				CLANG_WARN__DUPLICATE_METHOD_MATCH = YES;
				CODE_SIGN_IDENTITY = "iPhone Developer";
				COPY_PHASE_STRIP = NO;
				DEBUG_INFORMATION_FORMAT = dwarf;
				ENABLE_STRICT_OBJC_MSGSEND = YES;
				ENABLE_TESTABILITY = YES;
				GCC_C_LANGUAGE_STANDARD = gnu11;
				GCC_DYNAMIC_NO_PIC = NO;
				GCC_NO_COMMON_BLOCKS = YES;
				GCC_OPTIMIZATION_LEVEL = 0;
				GCC_PREPROCESSOR_DEFINITIONS = (
					"DEBUG=1",
					"$(inherited)",
				);
				GCC_WARN_64_TO_32_BIT_CONVERSION = YES;
				GCC_WARN_ABOUT_RETURN_TYPE = YES_ERROR;
				GCC_WARN_UNDECLARED_SELECTOR = YES;
				GCC_WARN_UNINITIALIZED_AUTOS = YES_AGGRESSIVE;
				GCC_WARN_UNUSED_FUNCTION = YES;
				GCC_WARN_UNUSED_VARIABLE = YES;
				IPHONEOS_DEPLOYMENT_TARGET = 11.2;
				MTL_ENABLE_DEBUG_INFO = YES;
				ONLY_ACTIVE_ARCH = YES;
				SDKROOT = iphoneos;
				SWIFT_ACTIVE_COMPILATION_CONDITIONS = DEBUG;
				SWIFT_OPTIMIZATION_LEVEL = "-Onone";
			};
			name = Debug;
		};
		06E1EFA11FF3662A00655FA6 /* Release */ = {
			isa = XCBuildConfiguration;
			buildSettings = {
				ALWAYS_SEARCH_USER_PATHS = NO;
				CLANG_ANALYZER_NONNULL = YES;
				CLANG_ANALYZER_NUMBER_OBJECT_CONVERSION = YES_AGGRESSIVE;
				CLANG_CXX_LANGUAGE_STANDARD = "gnu++14";
				CLANG_CXX_LIBRARY = "libc++";
				CLANG_ENABLE_MODULES = YES;
				CLANG_ENABLE_OBJC_ARC = YES;
				CLANG_WARN_BLOCK_CAPTURE_AUTORELEASING = YES;
				CLANG_WARN_BOOL_CONVERSION = YES;
				CLANG_WARN_COMMA = YES;
				CLANG_WARN_CONSTANT_CONVERSION = YES;
				CLANG_WARN_DIRECT_OBJC_ISA_USAGE = YES_ERROR;
				CLANG_WARN_DOCUMENTATION_COMMENTS = YES;
				CLANG_WARN_EMPTY_BODY = YES;
				CLANG_WARN_ENUM_CONVERSION = YES;
				CLANG_WARN_INFINITE_RECURSION = YES;
				CLANG_WARN_INT_CONVERSION = YES;
				CLANG_WARN_NON_LITERAL_NULL_CONVERSION = YES;
				CLANG_WARN_OBJC_LITERAL_CONVERSION = YES;
				CLANG_WARN_OBJC_ROOT_CLASS = YES_ERROR;
				CLANG_WARN_RANGE_LOOP_ANALYSIS = YES;
				CLANG_WARN_STRICT_PROTOTYPES = YES;
				CLANG_WARN_SUSPICIOUS_MOVE = YES;
				CLANG_WARN_UNGUARDED_AVAILABILITY = YES_AGGRESSIVE;
				CLANG_WARN_UNREACHABLE_CODE = YES;
				CLANG_WARN__DUPLICATE_METHOD_MATCH = YES;
				CODE_SIGN_IDENTITY = "iPhone Developer";
				COPY_PHASE_STRIP = NO;
				DEBUG_INFORMATION_FORMAT = "dwarf-with-dsym";
				ENABLE_NS_ASSERTIONS = NO;
				ENABLE_STRICT_OBJC_MSGSEND = YES;
				GCC_C_LANGUAGE_STANDARD = gnu11;
				GCC_NO_COMMON_BLOCKS = YES;
				GCC_WARN_64_TO_32_BIT_CONVERSION = YES;
				GCC_WARN_ABOUT_RETURN_TYPE = YES_ERROR;
				GCC_WARN_UNDECLARED_SELECTOR = YES;
				GCC_WARN_UNINITIALIZED_AUTOS = YES_AGGRESSIVE;
				GCC_WARN_UNUSED_FUNCTION = YES;
				GCC_WARN_UNUSED_VARIABLE = YES;
				IPHONEOS_DEPLOYMENT_TARGET = 11.2;
				MTL_ENABLE_DEBUG_INFO = NO;
				SDKROOT = iphoneos;
				SWIFT_OPTIMIZATION_LEVEL = "-Owholemodule";
				VALIDATE_PRODUCT = YES;
			};
			name = Release;
		};
		06E1EFA31FF3662A00655FA6 /* Debug */ = {
			isa = XCBuildConfiguration;
			baseConfigurationReference = B626B04AB9D68541A906711A /* Pods-whotIOS.debug.xcconfig */;
			buildSettings = {
				ASSETCATALOG_COMPILER_APPICON_NAME = AppIcon;
				CODE_SIGN_STYLE = Automatic;
				DEVELOPMENT_TEAM = R67B7DDEG8;
				INFOPLIST_FILE = whotIOS/Info.plist;
				LD_RUNPATH_SEARCH_PATHS = "$(inherited) @executable_path/Frameworks";
				PRODUCT_BUNDLE_IDENTIFIER = whot.what.hot.whotIOS;
				PRODUCT_NAME = "$(TARGET_NAME)";
				SWIFT_VERSION = 4.0;
				TARGETED_DEVICE_FAMILY = "1,2";
			};
			name = Debug;
		};
		06E1EFA41FF3662A00655FA6 /* Release */ = {
			isa = XCBuildConfiguration;
			baseConfigurationReference = 197CCDCFBA4C4F3F0EBB76CF /* Pods-whotIOS.release.xcconfig */;
			buildSettings = {
				ASSETCATALOG_COMPILER_APPICON_NAME = AppIcon;
				CODE_SIGN_STYLE = Automatic;
				DEVELOPMENT_TEAM = R67B7DDEG8;
				INFOPLIST_FILE = whotIOS/Info.plist;
				LD_RUNPATH_SEARCH_PATHS = "$(inherited) @executable_path/Frameworks";
				PRODUCT_BUNDLE_IDENTIFIER = whot.what.hot.whotIOS;
				PRODUCT_NAME = "$(TARGET_NAME)";
				SWIFT_VERSION = 4.0;
				TARGETED_DEVICE_FAMILY = "1,2";
			};
			name = Release;
		};
		06E1EFA61FF3662A00655FA6 /* Debug */ = {
			isa = XCBuildConfiguration;
			baseConfigurationReference = C3BBDB85434546261592A369 /* Pods-whotIOSTests.debug.xcconfig */;
			buildSettings = {
				ALWAYS_EMBED_SWIFT_STANDARD_LIBRARIES = YES;
				BUNDLE_LOADER = "$(TEST_HOST)";
				CODE_SIGN_STYLE = Automatic;
				DEVELOPMENT_TEAM = R67B7DDEG8;
				INFOPLIST_FILE = whotIOSTests/Info.plist;
				LD_RUNPATH_SEARCH_PATHS = "$(inherited) @executable_path/Frameworks @loader_path/Frameworks";
				PRODUCT_BUNDLE_IDENTIFIER = whot.what.hot.whotIOSTests;
				PRODUCT_NAME = "$(TARGET_NAME)";
				SWIFT_VERSION = 4.0;
				TARGETED_DEVICE_FAMILY = "1,2";
				TEST_HOST = "$(BUILT_PRODUCTS_DIR)/whotIOS.app/whotIOS";
			};
			name = Debug;
		};
		06E1EFA71FF3662A00655FA6 /* Release */ = {
			isa = XCBuildConfiguration;
			baseConfigurationReference = F384DB54580FE7C638A28A27 /* Pods-whotIOSTests.release.xcconfig */;
			buildSettings = {
				ALWAYS_EMBED_SWIFT_STANDARD_LIBRARIES = YES;
				BUNDLE_LOADER = "$(TEST_HOST)";
				CODE_SIGN_STYLE = Automatic;
				DEVELOPMENT_TEAM = R67B7DDEG8;
				INFOPLIST_FILE = whotIOSTests/Info.plist;
				LD_RUNPATH_SEARCH_PATHS = "$(inherited) @executable_path/Frameworks @loader_path/Frameworks";
				PRODUCT_BUNDLE_IDENTIFIER = whot.what.hot.whotIOSTests;
				PRODUCT_NAME = "$(TARGET_NAME)";
				SWIFT_VERSION = 4.0;
				TARGETED_DEVICE_FAMILY = "1,2";
				TEST_HOST = "$(BUILT_PRODUCTS_DIR)/whotIOS.app/whotIOS";
			};
			name = Release;
		};
		06E1EFA91FF3662A00655FA6 /* Debug */ = {
			isa = XCBuildConfiguration;
			baseConfigurationReference = 7ED6921AB71EEEAB5AFDB214 /* Pods-whotIOSUITests.debug.xcconfig */;
			buildSettings = {
				ALWAYS_EMBED_SWIFT_STANDARD_LIBRARIES = YES;
				CODE_SIGN_STYLE = Automatic;
				DEVELOPMENT_TEAM = R67B7DDEG8;
				INFOPLIST_FILE = whotIOSUITests/Info.plist;
				LD_RUNPATH_SEARCH_PATHS = "$(inherited) @executable_path/Frameworks @loader_path/Frameworks";
				PRODUCT_BUNDLE_IDENTIFIER = whot.what.hot.whotIOSUITests;
				PRODUCT_NAME = "$(TARGET_NAME)";
				SWIFT_VERSION = 4.0;
				TARGETED_DEVICE_FAMILY = "1,2";
				TEST_TARGET_NAME = whotIOS;
			};
			name = Debug;
		};
		06E1EFAA1FF3662A00655FA6 /* Release */ = {
			isa = XCBuildConfiguration;
			baseConfigurationReference = 6E075000F6D972AD698D32C5 /* Pods-whotIOSUITests.release.xcconfig */;
			buildSettings = {
				ALWAYS_EMBED_SWIFT_STANDARD_LIBRARIES = YES;
				CODE_SIGN_STYLE = Automatic;
				DEVELOPMENT_TEAM = R67B7DDEG8;
				INFOPLIST_FILE = whotIOSUITests/Info.plist;
				LD_RUNPATH_SEARCH_PATHS = "$(inherited) @executable_path/Frameworks @loader_path/Frameworks";
				PRODUCT_BUNDLE_IDENTIFIER = whot.what.hot.whotIOSUITests;
				PRODUCT_NAME = "$(TARGET_NAME)";
				SWIFT_VERSION = 4.0;
				TARGETED_DEVICE_FAMILY = "1,2";
				TEST_TARGET_NAME = whotIOS;
			};
			name = Release;
		};
/* End XCBuildConfiguration section */

/* Begin XCConfigurationList section */
		06E1EF751FF3662A00655FA6 /* Build configuration list for PBXProject "whotIOS" */ = {
			isa = XCConfigurationList;
			buildConfigurations = (
				06E1EFA01FF3662A00655FA6 /* Debug */,
				06E1EFA11FF3662A00655FA6 /* Release */,
			);
			defaultConfigurationIsVisible = 0;
			defaultConfigurationName = Release;
		};
		06E1EFA21FF3662A00655FA6 /* Build configuration list for PBXNativeTarget "whotIOS" */ = {
			isa = XCConfigurationList;
			buildConfigurations = (
				06E1EFA31FF3662A00655FA6 /* Debug */,
				06E1EFA41FF3662A00655FA6 /* Release */,
			);
			defaultConfigurationIsVisible = 0;
			defaultConfigurationName = Release;
		};
		06E1EFA51FF3662A00655FA6 /* Build configuration list for PBXNativeTarget "whotIOSTests" */ = {
			isa = XCConfigurationList;
			buildConfigurations = (
				06E1EFA61FF3662A00655FA6 /* Debug */,
				06E1EFA71FF3662A00655FA6 /* Release */,
			);
			defaultConfigurationIsVisible = 0;
			defaultConfigurationName = Release;
		};
		06E1EFA81FF3662A00655FA6 /* Build configuration list for PBXNativeTarget "whotIOSUITests" */ = {
			isa = XCConfigurationList;
			buildConfigurations = (
				06E1EFA91FF3662A00655FA6 /* Debug */,
				06E1EFAA1FF3662A00655FA6 /* Release */,
			);
			defaultConfigurationIsVisible = 0;
			defaultConfigurationName = Release;
		};
/* End XCConfigurationList section */
	};
	rootObject = 06E1EF721FF3662A00655FA6 /* Project object */;
}
